
Microsoft Visual Studio Solution File, Format Version 12.00
# Visual Studio Version 16
VisualStudioVersion = 16.0.30804.86
MinimumVisualStudioVersion = 10.0.40219.1
Project("{FAE04EC0-301F-11D3-BF4B-00C04F79EFBC}") = "Contoso.Tests", "Contoso.Tests.csproj", "{A8EA37C8-9372-4EAF-B575-33A83005B6A2}"
EndProject
Global
	GlobalSection(SolutionConfigurationPlatforms) = preSolution
		Debug|Any CPU = Debug|Any CPU
		Release|Any CPU = Release|Any CPU
	EndGlobalSection
	GlobalSection(ProjectConfigurationPlatforms) = postSolution
		{A8EA37C8-9372-4EAF-B575-33A83005B6A2}.Debug|Any CPU.ActiveCfg = Debug|Any CPU
		{A8EA37C8-9372-4EAF-B575-33A83005B6A2}.Debug|Any CPU.Build.0 = Debug|Any CPU
		{A8EA37C8-9372-4EAF-B575-33A83005B6A2}.Release|Any CPU.ActiveCfg = Release|Any CPU
		{A8EA37C8-9372-4EAF-B575-33A83005B6A2}.Release|Any CPU.Build.0 = Release|Any CPU
	EndGlobalSection
	GlobalSection(SolutionProperties) = preSolution
		HideSolutionNode = FALSE
	EndGlobalSection
	GlobalSection(ExtensibilityGlobals) = postSolution
		SolutionGuid = {B3D8A099-557C-4E37-B16F-6E2451D72B5B}
	EndGlobalSection
EndGlobal
